
Microsoft Visual Studio Solution File, Format Version 12.00
# Visual Studio Version 16
VisualStudioVersion = 16.0.28922.388
MinimumVisualStudioVersion = 10.0.40219.1
Project("{9A19103F-16F7-4668-BE54-9A1E7A4F7556}") = "YellowDuck.Api", "YellowDuck.Api\YellowDuck.Api.csproj", "{77630175-CCA4-4D5C-9417-E570DCE7E4DD}"
EndProject
Project("{9A19103F-16F7-4668-BE54-9A1E7A4F7556}") = "YellowDuck.ApiTests", "YellowDuck.ApiTests\YellowDuck.ApiTests.csproj", "{7B3AC6A0-A857-4DE9-8637-C585AD812BC7}"
EndProject
Global
	GlobalSection(SolutionConfigurationPlatforms) = preSolution
		Debug|Any CPU = Debug|Any CPU
		Release|Any CPU = Release|Any CPU
	EndGlobalSection
	GlobalSection(ProjectConfigurationPlatforms) = postSolution
		{77630175-CCA4-4D5C-9417-E570DCE7E4DD}.Debug|Any CPU.ActiveCfg = Debug|Any CPU
		{77630175-CCA4-4D5C-9417-E570DCE7E4DD}.Debug|Any CPU.Build.0 = Debug|Any CPU
		{77630175-CCA4-4D5C-9417-E570DCE7E4DD}.Release|Any CPU.ActiveCfg = Release|Any CPU
		{77630175-CCA4-4D5C-9417-E570DCE7E4DD}.Release|Any CPU.Build.0 = Release|Any CPU
		{7B3AC6A0-A857-4DE9-8637-C585AD812BC7}.Debug|Any CPU.ActiveCfg = Debug|Any CPU
		{7B3AC6A0-A857-4DE9-8637-C585AD812BC7}.Debug|Any CPU.Build.0 = Debug|Any CPU
		{7B3AC6A0-A857-4DE9-8637-C585AD812BC7}.Release|Any CPU.ActiveCfg = Release|Any CPU
		{7B3AC6A0-A857-4DE9-8637-C585AD812BC7}.Release|Any CPU.Build.0 = Release|Any CPU
	EndGlobalSection
	GlobalSection(SolutionProperties) = preSolution
		HideSolutionNode = FALSE
	EndGlobalSection
	GlobalSection(ExtensibilityGlobals) = postSolution
		SolutionGuid = {1A150C50-3737-44F4-84C7-4712B67FDC88}
	EndGlobalSection
EndGlobal
